{
  "name": "BiWeather",
  "lockfileVersion": 3,
  "requires": true,
  "packages": {
    "": {
      "dependencies": {
        "jquery": "^3.7.0",
        "nord": "^0.2.1"
      }
    },
    "node_modules/jquery": {
      "version": "3.7.0",
      "resolved": "https://registry.npmjs.org/jquery/-/jquery-3.7.0.tgz",
      "integrity": "sha512-umpJ0/k8X0MvD1ds0P9SfowREz2LenHsQaxSohMZ5OMNEU2r0tf8pdeEFTHMFxWVxKNyU9rTtK3CWzUCTKJUeQ=="
    },
    "node_modules/nord": {
      "version": "0.2.1",
      "resolved": "https://registry.npmjs.org/nord/-/nord-0.2.1.tgz",
      "integrity": "sha512-/AD7JGJbcp1pB5XwYkJyivqdeXofUP5u2lkif6vLGLc+SsV9OCC0JFNpVwM5pqHuFqbyojRt6xILuidJOwwJDQ=="
    }
  }
}
